
Microsoft Visual Studio Solution File, Format Version 12.00
# Visual Studio Version 16
VisualStudioVersion = 16.0.31005.135
MinimumVisualStudioVersion = 10.0.40219.1
Project("{FAE04EC0-301F-11D3-BF4B-00C04F79EFBC}") = "ProjeYL1", "ProjeYL1\ProjeYL1.csproj", "{C0B7AB84-2D36-4A44-A021-2E6E5472B332}"
EndProject
Project("{FAE04EC0-301F-11D3-BF4B-00C04F79EFBC}") = "SiteIcerik", "SiteIcerik\SiteIcerik.csproj", "{3000227F-139F-4450-AC59-7BF80F43E948}"
EndProject
Global
	GlobalSection(SolutionConfigurationPlatforms) = preSolution
		Debug|Any CPU = Debug|Any CPU
		Release|Any CPU = Release|Any CPU
	EndGlobalSection
	GlobalSection(ProjectConfigurationPlatforms) = postSolution
		{C0B7AB84-2D36-4A44-A021-2E6E5472B332}.Debug|Any CPU.ActiveCfg = Debug|Any CPU
		{C0B7AB84-2D36-4A44-A021-2E6E5472B332}.Debug|Any CPU.Build.0 = Debug|Any CPU
		{C0B7AB84-2D36-4A44-A021-2E6E5472B332}.Release|Any CPU.ActiveCfg = Release|Any CPU
		{C0B7AB84-2D36-4A44-A021-2E6E5472B332}.Release|Any CPU.Build.0 = Release|Any CPU
		{3000227F-139F-4450-AC59-7BF80F43E948}.Debug|Any CPU.ActiveCfg = Debug|Any CPU
		{3000227F-139F-4450-AC59-7BF80F43E948}.Debug|Any CPU.Build.0 = Debug|Any CPU
		{3000227F-139F-4450-AC59-7BF80F43E948}.Release|Any CPU.ActiveCfg = Release|Any CPU
		{3000227F-139F-4450-AC59-7BF80F43E948}.Release|Any CPU.Build.0 = Release|Any CPU
	EndGlobalSection
	GlobalSection(SolutionProperties) = preSolution
		HideSolutionNode = FALSE
	EndGlobalSection
	GlobalSection(ExtensibilityGlobals) = postSolution
		SolutionGuid = {5ABF694E-2098-48B3-BBFC-50F4DF8E2192}
	EndGlobalSection
EndGlobal
